{
  "lockfileVersion": 1,
  "configVersion": 1,
  "workspaces": {
    "": {
      "name": "movie-ticket-app",
      "devDependencies": {
        "turbo": "^2.9.6",
      },
    },
  },
  "packages": {
    "@turbo/darwin-64": ["@turbo/darwin-64@2.9.6", "", { "os": "darwin", "cpu": "x64" }, "sha512-X/56SnVXIQZBLKwniGTwEQTGmtE5brSACnKMBWpY3YafuxVYefrC2acamfjgxP7BG5w3I+6jf0UrLoSzgPcSJg=="],

    "@turbo/darwin-arm64": ["@turbo/darwin-arm64@2.9.6", "", { "os": "darwin", "cpu": "arm64" }, "sha512-aalBeSl4agT/QtYGDyf/XLajedWzUC9Vg/pm/YO6QQ93vkQ91Vz5uK1ta5RbVRDozQSz4njxUNqRNmOXDzW+qw=="],

    "@turbo/linux-64": ["@turbo/linux-64@2.9.6", "", { "os": "linux", "cpu": "x64" }, "sha512-YKi05jnNHaD7vevgYwahpzGwbsNNTwzU2c7VZdmdFm7+cGDP4oREUWSsainiMfRqjRuolQxBwRn8wf1jmu+YZA=="],

    "@turbo/linux-arm64": ["@turbo/linux-arm64@2.9.6", "", { "os": "linux", "cpu": "arm64" }, "sha512-02o/ZS69cOYEDczXvOB2xmyrtzjQ2hVFtWZK1iqxXUfzMmTjZK4UumrfNnjckSg+gqeBfnPRHa0NstA173Ik3g=="],

    "@turbo/windows-64": ["@turbo/windows-64@2.9.6", "", { "os": "win32", "cpu": "x64" }, "sha512-wVdQjvnBI15wB6JrA+43CtUtagjIMmX6XYO758oZHAsCNSxqRlJtdyujih0D8OCnwCRWiGWGI63zAxR0hO6s9g=="],

    "@turbo/windows-arm64": ["@turbo/windows-arm64@2.9.6", "", { "os": "win32", "cpu": "arm64" }, "sha512-1XUUyWW0W6FTSqGEhU8RHVqb2wP1SPkr7hIvBlMEwH9jr+sJQK5kqeosLJ/QaUv4ecSAd1ZhIrLoW7qslAzT4A=="],

    "turbo": ["turbo@2.9.6", "", { "optionalDependencies": { "@turbo/darwin-64": "2.9.6", "@turbo/darwin-arm64": "2.9.6", "@turbo/linux-64": "2.9.6", "@turbo/linux-arm64": "2.9.6", "@turbo/windows-64": "2.9.6", "@turbo/windows-arm64": "2.9.6" }, "bin": { "turbo": "bin/turbo" } }, "sha512-+v2QJey7ZUeUiuigkU+uFfklvNUyPI2VO2vBpMYJA+a1hKFLFiKtUYlRHdb3P9CrAvMzi0upbjI4WT+zKtqkBg=="],
  }
}
